
Microsoft Visual Studio Solution File, Format Version 12.00
# Visual Studio 15
VisualStudioVersion = 15.0.27703.2000
MinimumVisualStudioVersion = 10.0.40219.1
Project("{FAE04EC0-301F-11D3-BF4B-00C04F79EFBC}") = "P_01", "P_01\P_01.csproj", "{33D2AC1C-0BCF-4F99-91A4-524D889C9026}"
EndProject
Project("{FAE04EC0-301F-11D3-BF4B-00C04F79EFBC}") = "P_02", "P_02\P_02.csproj", "{B532D8D9-8099-4376-9B11-6291755CDF94}"
EndProject
Project("{FAE04EC0-301F-11D3-BF4B-00C04F79EFBC}") = "P_03", "P_03\P_03.csproj", "{18C1C8BE-651F-4900-9ECE-12168C9D7A1E}"
EndProject
Project("{FAE04EC0-301F-11D3-BF4B-00C04F79EFBC}") = "P_04", "P_04\P_04.csproj", "{F9950E1A-A617-4CFC-B3A3-782DD557F592}"
EndProject
Project("{FAE04EC0-301F-11D3-BF4B-00C04F79EFBC}") = "P_05", "P_05\P_05.csproj", "{A712B8CB-77FB-450F-BCA7-6C1A8A6DFDC3}"
EndProject
Global
	GlobalSection(SolutionConfigurationPlatforms) = preSolution
		Debug|Any CPU = Debug|Any CPU
		Release|Any CPU = Release|Any CPU
	EndGlobalSection
	GlobalSection(ProjectConfigurationPlatforms) = postSolution
		{33D2AC1C-0BCF-4F99-91A4-524D889C9026}.Debug|Any CPU.ActiveCfg = Debug|Any CPU
		{33D2AC1C-0BCF-4F99-91A4-524D889C9026}.Debug|Any CPU.Build.0 = Debug|Any CPU
		{33D2AC1C-0BCF-4F99-91A4-524D889C9026}.Release|Any CPU.ActiveCfg = Release|Any CPU
		{33D2AC1C-0BCF-4F99-91A4-524D889C9026}.Release|Any CPU.Build.0 = Release|Any CPU
		{B532D8D9-8099-4376-9B11-6291755CDF94}.Debug|Any CPU.ActiveCfg = Debug|Any CPU
		{B532D8D9-8099-4376-9B11-6291755CDF94}.Debug|Any CPU.Build.0 = Debug|Any CPU
		{B532D8D9-8099-4376-9B11-6291755CDF94}.Release|Any CPU.ActiveCfg = Release|Any CPU
		{B532D8D9-8099-4376-9B11-6291755CDF94}.Release|Any CPU.Build.0 = Release|Any CPU
		{18C1C8BE-651F-4900-9ECE-12168C9D7A1E}.Debug|Any CPU.ActiveCfg = Debug|Any CPU
		{18C1C8BE-651F-4900-9ECE-12168C9D7A1E}.Debug|Any CPU.Build.0 = Debug|Any CPU
		{18C1C8BE-651F-4900-9ECE-12168C9D7A1E}.Release|Any CPU.ActiveCfg = Release|Any CPU
		{18C1C8BE-651F-4900-9ECE-12168C9D7A1E}.Release|Any CPU.Build.0 = Release|Any CPU
		{F9950E1A-A617-4CFC-B3A3-782DD557F592}.Debug|Any CPU.ActiveCfg = Debug|Any CPU
		{F9950E1A-A617-4CFC-B3A3-782DD557F592}.Debug|Any CPU.Build.0 = Debug|Any CPU
		{F9950E1A-A617-4CFC-B3A3-782DD557F592}.Release|Any CPU.ActiveCfg = Release|Any CPU
		{F9950E1A-A617-4CFC-B3A3-782DD557F592}.Release|Any CPU.Build.0 = Release|Any CPU
		{A712B8CB-77FB-450F-BCA7-6C1A8A6DFDC3}.Debug|Any CPU.ActiveCfg = Debug|Any CPU
		{A712B8CB-77FB-450F-BCA7-6C1A8A6DFDC3}.Debug|Any CPU.Build.0 = Debug|Any CPU
		{A712B8CB-77FB-450F-BCA7-6C1A8A6DFDC3}.Release|Any CPU.ActiveCfg = Release|Any CPU
		{A712B8CB-77FB-450F-BCA7-6C1A8A6DFDC3}.Release|Any CPU.Build.0 = Release|Any CPU
	EndGlobalSection
	GlobalSection(SolutionProperties) = preSolution
		HideSolutionNode = FALSE
	EndGlobalSection
	GlobalSection(ExtensibilityGlobals) = postSolution
		SolutionGuid = {A061ECB9-F060-4E74-B9E2-FFDC778DBFC0}
	EndGlobalSection
EndGlobal
